// !$*UTF8*$!
{
  archiveVersion = 1;
  classes = {};
  objectVersion = 55;
  objects = {

/* Begin PBXProject section */
    1D6058900D05DD3D006BFB54 /* Project object */ = {
      isa = PBXProject;
      attributes = {
        LastUpgradeCheck = 1340;
      };
      buildConfigurationList = 1D60588D0D05DD3D006BFB54 /* Build configuration list for PBXProject */;
      compatibilityVersion = "Xcode 13.0";
      developmentRegion = English;
      hasScannedForEncodings = 0;
      knownRegions = (
        en,
        Base,
      );
      mainGroup = 1D60588E0D05DD3D006BFB54;
      productRefGroup = 1D60588F0D05DD3D006BFB54 /* Products */;
      projectDirPath = "";
      projectRoot = "";
      targets = (
        1D6058910D05DD3D006BFB54 /* MyApp */,
      );
    };
/* End PBXProject section */

/* Begin PBXNativeTarget section */
    1D6058910D05DD3D006BFB54 /* MyApp */ = {
      isa = PBXNativeTarget;
      buildConfigurationList = 1D6058920D05DD3D006BFB54 /* Build configuration list for PBXNativeTarget "MyApp" */;
      buildPhases = (
        1D6058930D05DD3D006BFB54 /* Sources */,
        1D6058940D05DD3D006BFB54 /* Frameworks */,
      );
      buildRules = ();
      dependencies = ();
      name = MyApp;
      productName = MyApp;
      productReference = 1D6058950D05DD3D006BFB54 /* MyApp.app */;
      productType = "com.apple.product-type.application";
    };
/* End PBXNativeTarget section */

  };
  rootObject = 1D6058900D05DD3D006BFB54 /* Project object */;
}
